<?xml version="1.0" encoding="utf-8"?>
<Project ToolsVersion="4.0" xmlns="http://schemas.microsoft.com/developer/msbuild/2003">
  <ItemGroup>
    <ClCompile Include="BucketHeadZombie.cpp">
      <Filter>源文件\Zombie</Filter>
    </ClCompile>
    <ClCompile Include="NormalZombie.cpp">
      <Filter>源文件\Zombie</Filter>
    </ClCompile>
    <ClCompile Include="Zombie.cpp">
      <Filter>源文件\Zombie</Filter>
    </ClCompile>
    <ClCompile Include="Chomper.cpp">
      <Filter>源文件\Plant</Filter>
    </ClCompile>
    <ClCompile Include="PeaShooterSingle.cpp">
      <Filter>源文件\Plant</Filter>
    </ClCompile>
    <ClCompile Include="Plant.cpp">
      <Filter>源文件\Plant</Filter>
    </ClCompile>
    <ClCompile Include="Squash.cpp">
      <Filter>源文件\Plant</Filter>
    </ClCompile>
    <ClCompile Include="SunFlower.cpp">
      <Filter>源文件\Plant</Filter>
    </ClCompile>
    <ClCompile Include="Wallnut.cpp">
      <Filter>源文件\Plant</Filter>
    </ClCompile>
    <ClCompile Include="SnowPeaShooter.cpp">
      <Filter>源文件\Plant</Filter>
    </ClCompile>
    <ClCompile Include="Ejects.cpp">
      <Filter>源文件\Ejects</Filter>
    </ClCompile>
    <ClCompile Include="ProjectilePea.cpp">
      <Filter>源文件\Ejects</Filter>
    </ClCompile>
    <ClCompile Include="ProjectileSnowPea.cpp">
      <Filter>源文件\Ejects</Filter>
    </ClCompile>
    <ClCompile Include="GameElement.cpp">
      <Filter>源文件\Base</Filter>
    </ClCompile>
    <ClCompile Include="GameEntity.cpp">
      <Filter>源文件\Base</Filter>
    </ClCompile>
    <ClCompile Include="Visible.cpp">
      <Filter>源文件\Base</Filter>
    </ClCompile>
    <ClCompile Include="PVZDoc.cpp">
      <Filter>源文件\MFC</Filter>
    </ClCompile>
    <ClCompile Include="PVZFrameWnd.cpp">
      <Filter>源文件\MFC</Filter>
    </ClCompile>
    <ClCompile Include="PVZView.cpp">
      <Filter>源文件\MFC</Filter>
    </ClCompile>
    <ClCompile Include="PVZWinApp.cpp">
      <Filter>源文件\MFC</Filter>
    </ClCompile>
    <ClCompile Include="Player.cpp">
      <Filter>源文件\Other</Filter>
    </ClCompile>
    <ClCompile Include="Seed.cpp">
      <Filter>源文件\Other</Filter>
    </ClCompile>
    <ClCompile Include="SeedBank.cpp">
      <Filter>源文件\Other</Filter>
    </ClCompile>
    <ClCompile Include="Sun.cpp">
      <Filter>源文件\Other</Filter>
    </ClCompile>
    <ClCompile Include="Yard.cpp">
      <Filter>源文件\Other</Filter>
    </ClCompile>
    <ClCompile Include="ResourceManage.cpp">
      <Filter>源文件\Resources</Filter>
    </ClCompile>
  </ItemGroup>
  <ItemGroup>
    <ClInclude Include="GameElement.h">
      <Filter>头文件\Base</Filter>
    </ClInclude>
    <ClInclude Include="GameEntity.h">
      <Filter>头文件\Base</Filter>
    </ClInclude>
    <ClInclude Include="Visible.h">
      <Filter>头文件\Base</Filter>
    </ClInclude>
    <ClInclude Include="Ejects.h">
      <Filter>头文件\Ejects</Filter>
    </ClInclude>
    <ClInclude Include="ProjectilePea.h">
      <Filter>头文件\Ejects</Filter>
    </ClInclude>
    <ClInclude Include="ProjectileSnowPea.h">
      <Filter>头文件\Ejects</Filter>
    </ClInclude>
    <ClInclude Include="PVZDoc.h">
      <Filter>头文件\MFC</Filter>
    </ClInclude>
    <ClInclude Include="PVZFrameWnd.h">
      <Filter>头文件\MFC</Filter>
    </ClInclude>
    <ClInclude Include="PVZView.h">
      <Filter>头文件\MFC</Filter>
    </ClInclude>
    <ClInclude Include="PVZWinApp.h">
      <Filter>头文件\MFC</Filter>
    </ClInclude>
    <ClInclude Include="ResourceManage.h">
      <Filter>头文件\Resource</Filter>
    </ClInclude>
    <ClInclude Include="Player.h">
      <Filter>头文件\other</Filter>
    </ClInclude>
    <ClInclude Include="Seed.h">
      <Filter>头文件\other</Filter>
    </ClInclude>
    <ClInclude Include="SeedBank.h">
      <Filter>头文件\other</Filter>
    </ClInclude>
    <ClInclude Include="Sun.h">
      <Filter>头文件\other</Filter>
    </ClInclude>
    <ClInclude Include="Yard.h">
      <Filter>头文件\other</Filter>
    </ClInclude>
    <ClInclude Include="BucketHeadZombie.h">
      <Filter>头文件\Zombie</Filter>
    </ClInclude>
    <ClInclude Include="NormalZombie.h">
      <Filter>头文件\Zombie</Filter>
    </ClInclude>
    <ClInclude Include="Zombie.h">
      <Filter>头文件\Zombie</Filter>
    </ClInclude>
    <ClInclude Include="resource.h">
      <Filter>头文件\Resource</Filter>
    </ClInclude>
    <ClInclude Include="ResoucreConfig.h">
      <Filter>头文件\Resource</Filter>
    </ClInclude>
    <ClInclude Include="Chomper.h">
      <Filter>头文件\Plant</Filter>
    </ClInclude>
    <ClInclude Include="PeaShooterSingle.h">
      <Filter>头文件\Plant</Filter>
    </ClInclude>
    <ClInclude Include="Plant.h">
      <Filter>头文件\Plant</Filter>
    </ClInclude>
    <ClInclude Include="SnowPeaShootter.h">
      <Filter>头文件\Plant</Filter>
    </ClInclude>
    <ClInclude Include="Squash.h">
      <Filter>头文件\Plant</Filter>
    </ClInclude>
    <ClInclude Include="SunFlower.h">
      <Filter>头文件\Plant</Filter>
    </ClInclude>
    <ClInclude Include="Wallnut.h">
      <Filter>头文件\Plant</Filter>
    </ClInclude>
    <ClInclude Include="Config.h">
      <Filter>头文件\Base</Filter>
    </ClInclude>
    <ClInclude Include="stdafx.h">
      <Filter>头文件\Base</Filter>
    </ClInclude>
  </ItemGroup>
  <ItemGroup>
    <Text Include="README.txt" />
  </ItemGroup>
  <ItemGroup>
    <Filter Include="头文件">
      <UniqueIdentifier>{41724c13-8a76-4e47-bc7c-16fa8ab6a1b7}</UniqueIdentifier>
    </Filter>
    <Filter Include="源文件">
      <UniqueIdentifier>{2e6e84c0-ba9e-42a5-bf62-5d13f1f4b60f}</UniqueIdentifier>
    </Filter>
    <Filter Include="头文件\MFC">
      <UniqueIdentifier>{fdd2daec-fd38-4d0c-9910-38bc4a7b5245}</UniqueIdentifier>
    </Filter>
    <Filter Include="头文件\Plant">
      <UniqueIdentifier>{4eb82245-550a-4e10-a905-93c1a421d9e1}</UniqueIdentifier>
    </Filter>
    <Filter Include="头文件\Zombie">
      <UniqueIdentifier>{8e67fb15-f2c4-4a95-a44c-4cbba41f4bf8}</UniqueIdentifier>
    </Filter>
    <Filter Include="头文件\other">
      <UniqueIdentifier>{774b6a64-5b29-459b-b1f3-dfda6c40eaf2}</UniqueIdentifier>
    </Filter>
    <Filter Include="头文件\Resource">
      <UniqueIdentifier>{1acb7922-b4f7-4943-a086-d58982d1e7fd}</UniqueIdentifier>
    </Filter>
    <Filter Include="头文件\Base">
      <UniqueIdentifier>{8d1a766e-e1ee-46fd-9b95-058ad916f86e}</UniqueIdentifier>
    </Filter>
    <Filter Include="头文件\Ejects">
      <UniqueIdentifier>{3b902921-cc70-4375-8f18-2d93609da67d}</UniqueIdentifier>
    </Filter>
    <Filter Include="源文件\Base">
      <UniqueIdentifier>{e53590c1-d443-4dc5-9abe-b50780dfad6e}</UniqueIdentifier>
    </Filter>
    <Filter Include="源文件\Ejects">
      <UniqueIdentifier>{d805a9cd-55a5-4b34-be07-9c40515ce4b1}</UniqueIdentifier>
    </Filter>
    <Filter Include="源文件\MFC">
      <UniqueIdentifier>{ada2ce44-a72e-489d-be94-c06f84e21729}</UniqueIdentifier>
    </Filter>
    <Filter Include="源文件\Other">
      <UniqueIdentifier>{0f5f708e-b893-4b92-885e-ed7da5640f1b}</UniqueIdentifier>
    </Filter>
    <Filter Include="源文件\Plant">
      <UniqueIdentifier>{4459ab42-dc0e-4fff-b032-d94dae0fb18f}</UniqueIdentifier>
    </Filter>
    <Filter Include="源文件\Resources">
      <UniqueIdentifier>{d421fc9d-f331-4402-89b7-aaf19a8cc2ed}</UniqueIdentifier>
    </Filter>
    <Filter Include="源文件\Zombie">
      <UniqueIdentifier>{52ff89be-e974-44b8-9020-0290d944def6}</UniqueIdentifier>
    </Filter>
    <Filter Include="资源文件">
      <UniqueIdentifier>{cb226920-ac0d-4b28-9906-5831d6b1e959}</UniqueIdentifier>
    </Filter>
  </ItemGroup>
  <ItemGroup>
    <ResourceCompile Include="PVZ.rc">
      <Filter>资源文件</Filter>
    </ResourceCompile>
  </ItemGroup>
  <ItemGroup>
    <None Include="cursor1.cur">
      <Filter>资源文件</Filter>
    </None>
  </ItemGroup>
</Project>